{
  "name": "stickersplaybot",
  "version": "1.0.0",
  "lockfileVersion": 1,
  "requires": true,
  "dependencies": {
    "@types/node": {
      "version": "10.1.2",
      "resolved": "https://registry.npmjs.org/@types/node/-/node-10.1.2.tgz",
      "integrity": "sha512-bjk1RIeZBCe/WukrFToIVegOf91Pebr8cXYBwLBIsfiGWVQ+ifwWsT59H3RxrWzWrzd1l/Amk1/ioY5Fq3/bpA=="
    },
    "debug": {
      "version": "3.1.0",
      "resolved": "https://registry.npmjs.org/debug/-/debug-3.1.0.tgz",
      "integrity": "sha512-OX8XqP7/1a9cqkxYw2yXss15f26NKWBpDXQd0/uK/KPqdQhxbPa994hnzjcE2VqQpDslf55723cKPUOGSmMY3g==",
      "requires": {
        "ms": "2.0.0"
      }
    },
    "graceful-fs": {
      "version": "4.1.6",
      "resolved": "https://registry.npmjs.org/graceful-fs/-/graceful-fs-4.1.6.tgz",
      "integrity": "sha1-UUw4dysxvuLgi+3CGgrrOr9UwZ4="
    },
    "js-search": {
      "version": "1.4.2",
      "resolved": "https://registry.npmjs.org/js-search/-/js-search-1.4.2.tgz",
      "integrity": "sha1-WakeEX1rrbIL8NdkO6dXfVqB1+I="
    },
    "jsonfile": {
      "version": "4.0.0",
      "resolved": "https://registry.npmjs.org/jsonfile/-/jsonfile-4.0.0.tgz",
      "integrity": "sha1-h3Gq4HmbZAdrdmQPygWPnBDjPss=",
      "requires": {
        "graceful-fs": "4.1.6"
      }
    },
    "ms": {
      "version": "2.0.0",
      "resolved": "https://registry.npmjs.org/ms/-/ms-2.0.0.tgz",
      "integrity": "sha1-VgiurfwAvmwpAd9fmGF4jeDVl8g="
    },
    "node-fetch": {
      "version": "2.1.2",
      "resolved": "https://registry.npmjs.org/node-fetch/-/node-fetch-2.1.2.tgz",
      "integrity": "sha1-q4hOjn5X44qUR1POxwb3iNF2i7U="
    },
    "sandwich-stream": {
      "version": "1.0.0",
      "resolved": "https://registry.npmjs.org/sandwich-stream/-/sandwich-stream-1.0.0.tgz",
      "integrity": "sha1-eDDkV5e1kzKH8fmyj4cZB0ViYvI="
    },
    "telegraf": {
      "version": "3.21.2",
      "resolved": "https://registry.npmjs.org/telegraf/-/telegraf-3.21.2.tgz",
      "integrity": "sha512-hstPgYodQZuPN3yEZp1FRfeawz7yxrLx0C7KYYz4v4BPF53PnWYTpbwl4bg+VCRf0B/YIN1dYo/wZVQIxTWArw==",
      "requires": {
        "@types/node": "10.1.2",
        "debug": "3.1.0",
        "node-fetch": "2.1.2",
        "sandwich-stream": "1.0.0",
        "telegram-typings": "3.6.1",
        "typescript": "2.8.3"
      }
    },
    "telegram-typings": {
      "version": "3.6.1",
      "resolved": "https://registry.npmjs.org/telegram-typings/-/telegram-typings-3.6.1.tgz",
      "integrity": "sha512-njVv1EAhIZnmQVLocZEADYUyqA1WIXuVcDYlsp+mXua/XB0pxx+PKtMSPeZ/EE4wPWTw9h/hA9ASTT6yQelkiw=="
    },
    "typescript": {
      "version": "2.8.3",
      "resolved": "https://registry.npmjs.org/typescript/-/typescript-2.8.3.tgz",
      "integrity": "sha512-K7g15Bb6Ra4lKf7Iq2l/I5/En+hLIHmxWZGq3D4DIRNFxMNV6j2SHSvDOqs2tGd4UvD/fJvrwopzQXjLrT7Itw=="
    }
  }
}
