# THIS IS AN AUTOGENERATED FILE. DO NOT EDIT THIS FILE DIRECTLY.
# yarn lockfile v1


"@types/node@^10.1.2":
  version "10.12.0"
  resolved "https://registry.yarnpkg.com/@types/node/-/node-10.12.0.tgz#ea6dcbddbc5b584c83f06c60e82736d8fbb0c235"

debug@^4.0.1:
  version "4.1.0"
  resolved "https://registry.yarnpkg.com/debug/-/debug-4.1.0.tgz#373687bffa678b38b1cd91f861b63850035ddc87"
  dependencies:
    ms "^2.1.1"

graceful-fs@4.1.6:
  version "4.1.6"
  resolved "https://registry.yarnpkg.com/graceful-fs/-/graceful-fs-4.1.6.tgz#514c38772b31bee2e08bedc21a0aeb3abf54c19e"

graceful-fs@^4.1.6:
  version "4.1.11"
  resolved "https://registry.yarnpkg.com/graceful-fs/-/graceful-fs-4.1.11.tgz#0e8bdfe4d1ddb8854d64e04ea7c00e2a026e5658"

js-search@1.4.2:
  version "1.4.2"
  resolved "https://registry.yarnpkg.com/js-search/-/js-search-1.4.2.tgz#59a91e117d6badb20bf0d7643ba7577d5a81d7e2"

jsonfile@5.0.0:
  version "5.0.0"
  resolved "https://registry.yarnpkg.com/jsonfile/-/jsonfile-5.0.0.tgz#e6b718f73da420d612823996fdf14a03f6ff6922"
  dependencies:
    universalify "^0.1.2"
  optionalDependencies:
    graceful-fs "^4.1.6"

leven@^2.0.0:
  version "2.1.0"
  resolved "https://registry.yarnpkg.com/leven/-/leven-2.1.0.tgz#c2e7a9f772094dee9d34202ae8acce4687875580"

ms@^2.1.1:
  version "2.1.1"
  resolved "https://registry.yarnpkg.com/ms/-/ms-2.1.1.tgz#30a5864eb3ebb0a66f2ebe6d727af06a09d86e0a"

node-fetch@^2.2.0:
  version "2.2.0"
  resolved "https://registry.yarnpkg.com/node-fetch/-/node-fetch-2.2.0.tgz#4ee79bde909262f9775f731e3656d0db55ced5b5"

sandwich-stream@^2.0.1:
  version "2.0.1"
  resolved "https://registry.yarnpkg.com/sandwich-stream/-/sandwich-stream-2.0.1.tgz#71606fd182ec07ac41ecaf963f82eb6718aaf765"

similarity@1.1.1:
  version "1.1.1"
  resolved "https://registry.yarnpkg.com/similarity/-/similarity-1.1.1.tgz#41c370b4f5d0f904d3d4907f96f2e3d32be9b931"
  dependencies:
    leven "^2.0.0"

telegraf@3.25.0:
  version "3.25.0"
  resolved "https://registry.yarnpkg.com/telegraf/-/telegraf-3.25.0.tgz#f08e463584803c36462e22668ad1e1f362f1f253"
  dependencies:
    "@types/node" "^10.1.2"
    debug "^4.0.1"
    node-fetch "^2.2.0"
    sandwich-stream "^2.0.1"
    telegram-typings "^3.6.0"

telegram-typings@^3.6.0:
  version "3.6.1"
  resolved "https://registry.yarnpkg.com/telegram-typings/-/telegram-typings-3.6.1.tgz#1288d547f8694b61f1c01c2993e295f3114d9e25"

universalify@^0.1.2:
  version "0.1.2"
  resolved "https://registry.yarnpkg.com/universalify/-/universalify-0.1.2.tgz#b646f69be3942dabcecc9d6639c80dc105efaa66"
