# THIS IS AN AUTOGENERATED FILE. DO NOT EDIT THIS FILE DIRECTLY.
# yarn lockfile v1


"@types/node@^13.1.0":
  version "13.5.0"
  resolved "https://registry.yarnpkg.com/@types/node/-/node-13.5.0.tgz#4e498dbf355795a611a87ae5ef811a8660d42662"

debug@^4.0.1:
  version "4.1.0"
  resolved "https://registry.yarnpkg.com/debug/-/debug-4.1.0.tgz#373687bffa678b38b1cd91f861b63850035ddc87"
  dependencies:
    ms "^2.1.1"

graceful-fs@4.2.3:
  version "4.2.3"
  resolved "https://registry.yarnpkg.com/graceful-fs/-/graceful-fs-4.2.3.tgz#4a12ff1b60376ef09862c2093edd908328be8423"

graceful-fs@^4.1.6:
  version "4.1.11"
  resolved "https://registry.yarnpkg.com/graceful-fs/-/graceful-fs-4.1.11.tgz#0e8bdfe4d1ddb8854d64e04ea7c00e2a026e5658"

js-search@1.4.3:
  version "1.4.3"
  resolved "https://registry.yarnpkg.com/js-search/-/js-search-1.4.3.tgz#23a86d7e064ca53a473930edc48615b6b1c1954a"

jsonfile@6.0.1:
  version "6.0.1"
  resolved "https://registry.yarnpkg.com/jsonfile/-/jsonfile-6.0.1.tgz#98966cba214378c8c84b82e085907b40bf614179"
  dependencies:
    universalify "^1.0.0"
  optionalDependencies:
    graceful-fs "^4.1.6"

levenshtein-edit-distance@^2.0.0:
  version "2.0.5"
  resolved "https://registry.yarnpkg.com/levenshtein-edit-distance/-/levenshtein-edit-distance-2.0.5.tgz#a066eca8afb350e4d9054aed9ffeef66e78ffc83"

minimist@^1.2.0:
  version "1.2.0"
  resolved "https://registry.yarnpkg.com/minimist/-/minimist-1.2.0.tgz#a35008b20f41383eec1fb914f4cd5df79a264284"

module-alias@^2.2.2:
  version "2.2.2"
  resolved "https://registry.yarnpkg.com/module-alias/-/module-alias-2.2.2.tgz#151cdcecc24e25739ff0aa6e51e1c5716974c0e0"

ms@^2.1.1:
  version "2.1.1"
  resolved "https://registry.yarnpkg.com/ms/-/ms-2.1.1.tgz#30a5864eb3ebb0a66f2ebe6d727af06a09d86e0a"

node-fetch@^2.2.0:
  version "2.2.0"
  resolved "https://registry.yarnpkg.com/node-fetch/-/node-fetch-2.2.0.tgz#4ee79bde909262f9775f731e3656d0db55ced5b5"

sandwich-stream@^2.0.1:
  version "2.0.1"
  resolved "https://registry.yarnpkg.com/sandwich-stream/-/sandwich-stream-2.0.1.tgz#71606fd182ec07ac41ecaf963f82eb6718aaf765"

similarity@1.2.0:
  version "1.2.0"
  resolved "https://registry.yarnpkg.com/similarity/-/similarity-1.2.0.tgz#83be29d937b13311006cd35c7e35f66c944c0a51"
  dependencies:
    levenshtein-edit-distance "^2.0.0"

telegraf@3.36.0:
  version "3.36.0"
  resolved "https://registry.yarnpkg.com/telegraf/-/telegraf-3.36.0.tgz#eab1160159df6033d3cb92ac990902523277822a"
  dependencies:
    "@types/node" "^13.1.0"
    debug "^4.0.1"
    minimist "^1.2.0"
    module-alias "^2.2.2"
    node-fetch "^2.2.0"
    sandwich-stream "^2.0.1"
    telegram-typings "^3.6.0"

telegram-typings@^3.6.0:
  version "3.6.1"
  resolved "https://registry.yarnpkg.com/telegram-typings/-/telegram-typings-3.6.1.tgz#1288d547f8694b61f1c01c2993e295f3114d9e25"

universalify@^1.0.0:
  version "1.0.0"
  resolved "https://registry.yarnpkg.com/universalify/-/universalify-1.0.0.tgz#b61a1da173e8435b2fe3c67d29b9adf8594bd16d"
